
Microsoft Visual Studio Solution File, Format Version 12.00
# Visual Studio Version 17
VisualStudioVersion = 17.14.36717.8 d17.14
MinimumVisualStudioVersion = 10.0.40219.1
Project("{FAE04EC0-301F-11D3-BF4B-00C04F79EFBC}") = "aula18", "aula18\aula18.csproj", "{FE0CB7C2-FF9C-4D6B-962C-A1EC24753875}"
EndProject
Global
	GlobalSection(SolutionConfigurationPlatforms) = preSolution
		Debug|Any CPU = Debug|Any CPU
		Release|Any CPU = Release|Any CPU
	EndGlobalSection
	GlobalSection(ProjectConfigurationPlatforms) = postSolution
		{FE0CB7C2-FF9C-4D6B-962C-A1EC24753875}.Debug|Any CPU.ActiveCfg = Debug|Any CPU
		{FE0CB7C2-FF9C-4D6B-962C-A1EC24753875}.Debug|Any CPU.Build.0 = Debug|Any CPU
		{FE0CB7C2-FF9C-4D6B-962C-A1EC24753875}.Release|Any CPU.ActiveCfg = Release|Any CPU
		{FE0CB7C2-FF9C-4D6B-962C-A1EC24753875}.Release|Any CPU.Build.0 = Release|Any CPU
	EndGlobalSection
	GlobalSection(SolutionProperties) = preSolution
		HideSolutionNode = FALSE
	EndGlobalSection
	GlobalSection(ExtensibilityGlobals) = postSolution
		SolutionGuid = {9AF6FB60-A6E8-441A-A71F-81AD73427E17}
	EndGlobalSection
EndGlobal
