
Microsoft Visual Studio Solution File, Format Version 12.00
# Visual Studio Version 17
VisualStudioVersion = 17.14.36717.8 d17.14
MinimumVisualStudioVersion = 10.0.40219.1
Project("{FAE04EC0-301F-11D3-BF4B-00C04F79EFBC}") = "aula15", "aula15\aula15.csproj", "{2DF72A4E-228C-4B6D-9AC1-AF8EE7DF322E}"
EndProject
Global
	GlobalSection(SolutionConfigurationPlatforms) = preSolution
		Debug|Any CPU = Debug|Any CPU
		Release|Any CPU = Release|Any CPU
	EndGlobalSection
	GlobalSection(ProjectConfigurationPlatforms) = postSolution
		{2DF72A4E-228C-4B6D-9AC1-AF8EE7DF322E}.Debug|Any CPU.ActiveCfg = Debug|Any CPU
		{2DF72A4E-228C-4B6D-9AC1-AF8EE7DF322E}.Debug|Any CPU.Build.0 = Debug|Any CPU
		{2DF72A4E-228C-4B6D-9AC1-AF8EE7DF322E}.Release|Any CPU.ActiveCfg = Release|Any CPU
		{2DF72A4E-228C-4B6D-9AC1-AF8EE7DF322E}.Release|Any CPU.Build.0 = Release|Any CPU
	EndGlobalSection
	GlobalSection(SolutionProperties) = preSolution
		HideSolutionNode = FALSE
	EndGlobalSection
	GlobalSection(ExtensibilityGlobals) = postSolution
		SolutionGuid = {57CCF7B7-DB38-4C04-A990-20783CB9AEB8}
	EndGlobalSection
EndGlobal
