
Microsoft Visual Studio Solution File, Format Version 12.00
# Visual Studio Version 17
VisualStudioVersion = 17.14.36717.8 d17.14
MinimumVisualStudioVersion = 10.0.40219.1
Project("{FAE04EC0-301F-11D3-BF4B-00C04F79EFBC}") = "aula27", "aula27\aula27.csproj", "{E6071343-4996-4DC7-9455-88178A6895F4}"
EndProject
Global
	GlobalSection(SolutionConfigurationPlatforms) = preSolution
		Debug|Any CPU = Debug|Any CPU
		Release|Any CPU = Release|Any CPU
	EndGlobalSection
	GlobalSection(ProjectConfigurationPlatforms) = postSolution
		{E6071343-4996-4DC7-9455-88178A6895F4}.Debug|Any CPU.ActiveCfg = Debug|Any CPU
		{E6071343-4996-4DC7-9455-88178A6895F4}.Debug|Any CPU.Build.0 = Debug|Any CPU
		{E6071343-4996-4DC7-9455-88178A6895F4}.Release|Any CPU.ActiveCfg = Release|Any CPU
		{E6071343-4996-4DC7-9455-88178A6895F4}.Release|Any CPU.Build.0 = Release|Any CPU
	EndGlobalSection
	GlobalSection(SolutionProperties) = preSolution
		HideSolutionNode = FALSE
	EndGlobalSection
	GlobalSection(ExtensibilityGlobals) = postSolution
		SolutionGuid = {850F4BA4-6DD6-438E-AA28-D33AF36BFBEB}
	EndGlobalSection
EndGlobal
